# generated by rye
# use `rye lock` or `rye sync` to update this lockfile
#
# last locked with the following flags:
#   pre: false
#   features: []
#   all-features: false
#   with-sources: false
#   generate-hashes: false
#   universal: false

-e file:.
certifi==2025.1.31
    # via requests
charset-normalizer==3.4.1
    # via requests
idna==3.10
    # via requests
importlib-metadata==8.6.1
    # via pyfaidx
mhctyper @ git+https://github.com/svm-zhang/mhctyper@374da891dc81afd4198479f5decdf752ec641b2e
    # via mhcflow
ncls==0.0.68
    # via tinyscibio
numpy==2.2.3
    # via mhctyper
    # via ncls
    # via tinyscibio
packaging==24.2
    # via pyfaidx
polars==1.24.0
    # via mhctyper
    # via tinyscibio
pyahocorasick==2.1.0
    # via mhcflow
pyfaidx==0.8.1.3
    # via mhcflow
pysam==0.23.0
    # via mhctyper
    # via tinyscibio
requests==2.32.3
    # via tinyscibio
setuptools==75.8.2
    # via tinyscibio
tinyscibio==0.4.3
    # via mhcflow
    # via mhctyper
tqdm==4.67.1
    # via mhctyper
urllib3==2.3.0
    # via requests
zipp==3.21.0
    # via importlib-metadata
